// !$*UTF8*$!
{
	archiveVersion = 1;
	classes = {
	};
	objectVersion = 50;
	objects = {

/* Begin PBXBuildFile section */
		EF56745A247ABDBB0093011E /* 背景画像.png in Resources */ = {isa = PBXBuildFile; fileRef = EF567459247ABDBA0093011E /* 背景画像.png */; };
		EF62012724741F9900CC363B /* AppDelegate.swift in Sources */ = {isa = PBXBuildFile; fileRef = EF62012624741F9900CC363B /* AppDelegate.swift */; };
		EF62012924741F9900CC363B /* SceneDelegate.swift in Sources */ = {isa = PBXBuildFile; fileRef = EF62012824741F9900CC363B /* SceneDelegate.swift */; };
		EF62012B24741F9900CC363B /* ViewController.swift in Sources */ = {isa = PBXBuildFile; fileRef = EF62012A24741F9900CC363B /* ViewController.swift */; };
		EF62012E24741F9900CC363B /* Main.storyboard in Resources */ = {isa = PBXBuildFile; fileRef = EF62012C24741F9900CC363B /* Main.storyboard */; };
		EF62013024741F9E00CC363B /* Assets.xcassets in Resources */ = {isa = PBXBuildFile; fileRef = EF62012F24741F9E00CC363B /* Assets.xcassets */; };
		EF62013324741F9E00CC363B /* LaunchScreen.storyboard in Resources */ = {isa = PBXBuildFile; fileRef = EF62013124741F9E00CC363B /* LaunchScreen.storyboard */; };
		EF62013E24741F9F00CC363B /* FilterappTests.swift in Sources */ = {isa = PBXBuildFile; fileRef = EF62013D24741F9F00CC363B /* FilterappTests.swift */; };
		EF62014924741F9F00CC363B /* FilterappUITests.swift in Sources */ = {isa = PBXBuildFile; fileRef = EF62014824741F9F00CC363B /* FilterappUITests.swift */; };
		EF620157247422CE00CC363B /* MakeViewController.swift in Sources */ = {isa = PBXBuildFile; fileRef = EF620156247422CE00CC363B /* MakeViewController.swift */; };
		EF620159247650B700CC363B /* EditViewController.swift in Sources */ = {isa = PBXBuildFile; fileRef = EF620158247650B700CC363B /* EditViewController.swift */; };
		EFDE746F247800F4009C72EB /* FilterViewController.swift in Sources */ = {isa = PBXBuildFile; fileRef = EFDE746E247800F4009C72EB /* FilterViewController.swift */; };
		EFDE74E92478CA2C009C72EB /* iTunesArtwork@1x.png in Resources */ = {isa = PBXBuildFile; fileRef = EFDE74AE2478CA2C009C72EB /* iTunesArtwork@1x.png */; };
		EFDE74EA2478CA2C009C72EB /* Icon-App-76x76@2x.png in Resources */ = {isa = PBXBuildFile; fileRef = EFDE74B02478CA2C009C72EB /* Icon-App-76x76@2x.png */; };
		EFDE74EB2478CA2C009C72EB /* Icon-App-29x29@1x.png in Resources */ = {isa = PBXBuildFile; fileRef = EFDE74B12478CA2C009C72EB /* Icon-App-29x29@1x.png */; };
		EFDE74EC2478CA2C009C72EB /* Icon-App-40x40@1x.png in Resources */ = {isa = PBXBuildFile; fileRef = EFDE74B22478CA2C009C72EB /* Icon-App-40x40@1x.png */; };
		EFDE74ED2478CA2C009C72EB /* Icon-App-20x20@1x.png in Resources */ = {isa = PBXBuildFile; fileRef = EFDE74B32478CA2C009C72EB /* Icon-App-20x20@1x.png */; };
		EFDE74EE2478CA2C009C72EB /* Icon-App-83.5x83.5@2x.png in Resources */ = {isa = PBXBuildFile; fileRef = EFDE74B42478CA2C009C72EB /* Icon-App-83.5x83.5@2x.png */; };
		EFDE74EF2478CA2C009C72EB /* Icon-App-20x20@3x.png in Resources */ = {isa = PBXBuildFile; fileRef = EFDE74B52478CA2C009C72EB /* Icon-App-20x20@3x.png */; };
		EFDE74F02478CA2C009C72EB /* ItunesArtwork@2x.png in Resources */ = {isa = PBXBuildFile; fileRef = EFDE74B62478CA2C009C72EB /* ItunesArtwork@2x.png */; };
		EFDE74F12478CA2C009C72EB /* Contents.json in Resources */ = {isa = PBXBuildFile; fileRef = EFDE74B72478CA2C009C72EB /* Contents.json */; };
		EFDE74F22478CA2C009C72EB /* Icon-App-20x20@2x.png in Resources */ = {isa = PBXBuildFile; fileRef = EFDE74B82478CA2C009C72EB /* Icon-App-20x20@2x.png */; };
		EFDE74F32478CA2C009C72EB /* Icon-App-29x29@3x.png in Resources */ = {isa = PBXBuildFile; fileRef = EFDE74B92478CA2C009C72EB /* Icon-App-29x29@3x.png */; };
		EFDE74F42478CA2C009C72EB /* Icon-App-40x40@2x.png in Resources */ = {isa = PBXBuildFile; fileRef = EFDE74BA2478CA2C009C72EB /* Icon-App-40x40@2x.png */; };
		EFDE74F52478CA2C009C72EB /* Icon-App-60x60@3x.png in Resources */ = {isa = PBXBuildFile; fileRef = EFDE74BB2478CA2C009C72EB /* Icon-App-60x60@3x.png */; };
		EFDE74F62478CA2C009C72EB /* Icon-App-60x60@2x.png in Resources */ = {isa = PBXBuildFile; fileRef = EFDE74BC2478CA2C009C72EB /* Icon-App-60x60@2x.png */; };
		EFDE74F72478CA2C009C72EB /* Icon-App-76x76@1x.png in Resources */ = {isa = PBXBuildFile; fileRef = EFDE74BD2478CA2C009C72EB /* Icon-App-76x76@1x.png */; };
		EFDE74F82478CA2C009C72EB /* Icon-App-40x40@3x.png in Resources */ = {isa = PBXBuildFile; fileRef = EFDE74BE2478CA2C009C72EB /* Icon-App-40x40@3x.png */; };
		EFDE74F92478CA2C009C72EB /* Icon-App-29x29@2x.png in Resources */ = {isa = PBXBuildFile; fileRef = EFDE74BF2478CA2C009C72EB /* Icon-App-29x29@2x.png */; };
		EFDE74FA2478CA2C009C72EB /* README.md in Resources */ = {isa = PBXBuildFile; fileRef = EFDE74C02478CA2C009C72EB /* README.md */; };
		EFDE74FB2478CA2C009C72EB /* iTunesArtwork@2x.png in Resources */ = {isa = PBXBuildFile; fileRef = EFDE74C12478CA2C009C72EB /* iTunesArtwork@2x.png */; };
		EFDE74FC2478CA2C009C72EB /* iTunesArtwork@3x.png in Resources */ = {isa = PBXBuildFile; fileRef = EFDE74C22478CA2C009C72EB /* iTunesArtwork@3x.png */; };
/* End PBXBuildFile section */

/* Begin PBXContainerItemProxy section */
		EF62013A24741F9F00CC363B /* PBXContainerItemProxy */ = {
			isa = PBXContainerItemProxy;
			containerPortal = EF62011B24741F9900CC363B /* Project object */;
			proxyType = 1;
			remoteGlobalIDString = EF62012224741F9900CC363B;
			remoteInfo = Filterapp;
		};
		EF62014524741F9F00CC363B /* PBXContainerItemProxy */ = {
			isa = PBXContainerItemProxy;
			containerPortal = EF62011B24741F9900CC363B /* Project object */;
			proxyType = 1;
			remoteGlobalIDString = EF62012224741F9900CC363B;
			remoteInfo = Filterapp;
		};
/* End PBXContainerItemProxy section */

/* Begin PBXFileReference section */
		EF567459247ABDBA0093011E /* 背景画像.png */ = {isa = PBXFileReference; lastKnownFileType = image.png; path = "背景画像.png"; sourceTree = "<group>"; };
		EF62012324741F9900CC363B /* Filterapp.app */ = {isa = PBXFileReference; explicitFileType = wrapper.application; includeInIndex = 0; path = Filterapp.app; sourceTree = BUILT_PRODUCTS_DIR; };
		EF62012624741F9900CC363B /* AppDelegate.swift */ = {isa = PBXFileReference; lastKnownFileType = sourcecode.swift; path = AppDelegate.swift; sourceTree = "<group>"; };
		EF62012824741F9900CC363B /* SceneDelegate.swift */ = {isa = PBXFileReference; lastKnownFileType = sourcecode.swift; path = SceneDelegate.swift; sourceTree = "<group>"; };
		EF62012A24741F9900CC363B /* ViewController.swift */ = {isa = PBXFileReference; lastKnownFileType = sourcecode.swift; path = ViewController.swift; sourceTree = "<group>"; };
		EF62012D24741F9900CC363B /* Base */ = {isa = PBXFileReference; lastKnownFileType = file.storyboard; name = Base; path = Base.lproj/Main.storyboard; sourceTree = "<group>"; };
		EF62012F24741F9E00CC363B /* Assets.xcassets */ = {isa = PBXFileReference; lastKnownFileType = folder.assetcatalog; path = Assets.xcassets; sourceTree = "<group>"; };
		EF62013224741F9E00CC363B /* Base */ = {isa = PBXFileReference; lastKnownFileType = file.storyboard; name = Base; path = Base.lproj/LaunchScreen.storyboard; sourceTree = "<group>"; };
		EF62013424741F9E00CC363B /* Info.plist */ = {isa = PBXFileReference; lastKnownFileType = text.plist.xml; path = Info.plist; sourceTree = "<group>"; };
		EF62013924741F9F00CC363B /* FilterappTests.xctest */ = {isa = PBXFileReference; explicitFileType = wrapper.cfbundle; includeInIndex = 0; path = FilterappTests.xctest; sourceTree = BUILT_PRODUCTS_DIR; };
		EF62013D24741F9F00CC363B /* FilterappTests.swift */ = {isa = PBXFileReference; lastKnownFileType = sourcecode.swift; path = FilterappTests.swift; sourceTree = "<group>"; };
		EF62013F24741F9F00CC363B /* Info.plist */ = {isa = PBXFileReference; lastKnownFileType = text.plist.xml; path = Info.plist; sourceTree = "<group>"; };
		EF62014424741F9F00CC363B /* FilterappUITests.xctest */ = {isa = PBXFileReference; explicitFileType = wrapper.cfbundle; includeInIndex = 0; path = FilterappUITests.xctest; sourceTree = BUILT_PRODUCTS_DIR; };
		EF62014824741F9F00CC363B /* FilterappUITests.swift */ = {isa = PBXFileReference; lastKnownFileType = sourcecode.swift; path = FilterappUITests.swift; sourceTree = "<group>"; };
		EF62014A24741F9F00CC363B /* Info.plist */ = {isa = PBXFileReference; lastKnownFileType = text.plist.xml; path = Info.plist; sourceTree = "<group>"; };
		EF620156247422CE00CC363B /* MakeViewController.swift */ = {isa = PBXFileReference; lastKnownFileType = sourcecode.swift; path = MakeViewController.swift; sourceTree = "<group>"; };
		EF620158247650B700CC363B /* EditViewController.swift */ = {isa = PBXFileReference; lastKnownFileType = sourcecode.swift; path = EditViewController.swift; sourceTree = "<group>"; };
		EFDE746E247800F4009C72EB /* FilterViewController.swift */ = {isa = PBXFileReference; lastKnownFileType = sourcecode.swift; path = FilterViewController.swift; sourceTree = "<group>"; };
		EFDE74AE2478CA2C009C72EB /* iTunesArtwork@1x.png */ = {isa = PBXFileReference; lastKnownFileType = image.png; path = "iTunesArtwork@1x.png"; sourceTree = "<group>"; };
		EFDE74B02478CA2C009C72EB /* Icon-App-76x76@2x.png */ = {isa = PBXFileReference; lastKnownFileType = image.png; path = "Icon-App-76x76@2x.png"; sourceTree = "<group>"; };
		EFDE74B12478CA2C009C72EB /* Icon-App-29x29@1x.png */ = {isa = PBXFileReference; lastKnownFileType = image.png; path = "Icon-App-29x29@1x.png"; sourceTree = "<group>"; };
		EFDE74B22478CA2C009C72EB /* Icon-App-40x40@1x.png */ = {isa = PBXFileReference; lastKnownFileType = image.png; path = "Icon-App-40x40@1x.png"; sourceTree = "<group>"; };
		EFDE74B32478CA2C009C72EB /* Icon-App-20x20@1x.png */ = {isa = PBXFileReference; lastKnownFileType = image.png; path = "Icon-App-20x20@1x.png"; sourceTree = "<group>"; };
		EFDE74B42478CA2C009C72EB /* Icon-App-83.5x83.5@2x.png */ = {isa = PBXFileReference; lastKnownFileType = image.png; path = "Icon-App-83.5x83.5@2x.png"; sourceTree = "<group>"; };
		EFDE74B52478CA2C009C72EB /* Icon-App-20x20@3x.png */ = {isa = PBXFileReference; lastKnownFileType = image.png; path = "Icon-App-20x20@3x.png"; sourceTree = "<group>"; };
		EFDE74B62478CA2C009C72EB /* ItunesArtwork@2x.png */ = {isa = PBXFileReference; lastKnownFileType = image.png; path = "ItunesArtwork@2x.png"; sourceTree = "<group>"; };
		EFDE74B72478CA2C009C72EB /* Contents.json */ = {isa = PBXFileReference; fileEncoding = 4; lastKnownFileType = text.json; path = Contents.json; sourceTree = "<group>"; };
		EFDE74B82478CA2C009C72EB /* Icon-App-20x20@2x.png */ = {isa = PBXFileReference; lastKnownFileType = image.png; path = "Icon-App-20x20@2x.png"; sourceTree = "<group>"; };
		EFDE74B92478CA2C009C72EB /* Icon-App-29x29@3x.png */ = {isa = PBXFileReference; lastKnownFileType = image.png; path = "Icon-App-29x29@3x.png"; sourceTree = "<group>"; };
		EFDE74BA2478CA2C009C72EB /* Icon-App-40x40@2x.png */ = {isa = PBXFileReference; lastKnownFileType = image.png; path = "Icon-App-40x40@2x.png"; sourceTree = "<group>"; };
		EFDE74BB2478CA2C009C72EB /* Icon-App-60x60@3x.png */ = {isa = PBXFileReference; lastKnownFileType = image.png; path = "Icon-App-60x60@3x.png"; sourceTree = "<group>"; };
		EFDE74BC2478CA2C009C72EB /* Icon-App-60x60@2x.png */ = {isa = PBXFileReference; lastKnownFileType = image.png; path = "Icon-App-60x60@2x.png"; sourceTree = "<group>"; };
		EFDE74BD2478CA2C009C72EB /* Icon-App-76x76@1x.png */ = {isa = PBXFileReference; lastKnownFileType = image.png; path = "Icon-App-76x76@1x.png"; sourceTree = "<group>"; };
		EFDE74BE2478CA2C009C72EB /* Icon-App-40x40@3x.png */ = {isa = PBXFileReference; lastKnownFileType = image.png; path = "Icon-App-40x40@3x.png"; sourceTree = "<group>"; };
		EFDE74BF2478CA2C009C72EB /* Icon-App-29x29@2x.png */ = {isa = PBXFileReference; lastKnownFileType = image.png; path = "Icon-App-29x29@2x.png"; sourceTree = "<group>"; };
		EFDE74C02478CA2C009C72EB /* README.md */ = {isa = PBXFileReference; fileEncoding = 4; lastKnownFileType = net.daringfireball.markdown; path = README.md; sourceTree = "<group>"; };
		EFDE74C12478CA2C009C72EB /* iTunesArtwork@2x.png */ = {isa = PBXFileReference; lastKnownFileType = image.png; path = "iTunesArtwork@2x.png"; sourceTree = "<group>"; };
		EFDE74C22478CA2C009C72EB /* iTunesArtwork@3x.png */ = {isa = PBXFileReference; lastKnownFileType = image.png; path = "iTunesArtwork@3x.png"; sourceTree = "<group>"; };
/* End PBXFileReference section */

/* Begin PBXFrameworksBuildPhase section */
		EF62012024741F9900CC363B /* Frameworks */ = {
			isa = PBXFrameworksBuildPhase;
			buildActionMask = 2147483647;
			files = (
			);
			runOnlyForDeploymentPostprocessing = 0;
		};
		EF62013624741F9F00CC363B /* Frameworks */ = {
			isa = PBXFrameworksBuildPhase;
			buildActionMask = 2147483647;
			files = (
			);
			runOnlyForDeploymentPostprocessing = 0;
		};
		EF62014124741F9F00CC363B /* Frameworks */ = {
			isa = PBXFrameworksBuildPhase;
			buildActionMask = 2147483647;
			files = (
			);
			runOnlyForDeploymentPostprocessing = 0;
		};
/* End PBXFrameworksBuildPhase section */

/* Begin PBXGroup section */
		EF62011A24741F9900CC363B = {
			isa = PBXGroup;
			children = (
				EF62012524741F9900CC363B /* Filterapp */,
				EF62013C24741F9F00CC363B /* FilterappTests */,
				EF62014724741F9F00CC363B /* FilterappUITests */,
				EF62012424741F9900CC363B /* Products */,
			);
			sourceTree = "<group>";
		};
		EF62012424741F9900CC363B /* Products */ = {
			isa = PBXGroup;
			children = (
				EF62012324741F9900CC363B /* Filterapp.app */,
				EF62013924741F9F00CC363B /* FilterappTests.xctest */,
				EF62014424741F9F00CC363B /* FilterappUITests.xctest */,
			);
			name = Products;
			sourceTree = "<group>";
		};
		EF62012524741F9900CC363B /* Filterapp */ = {
			isa = PBXGroup;
			children = (
				EF567459247ABDBA0093011E /* 背景画像.png */,
				EF62012624741F9900CC363B /* AppDelegate.swift */,
				EF62012824741F9900CC363B /* SceneDelegate.swift */,
				EF62012A24741F9900CC363B /* ViewController.swift */,
				EF62012C24741F9900CC363B /* Main.storyboard */,
				EF62012F24741F9E00CC363B /* Assets.xcassets */,
				EFDE74AC2478CA2C009C72EB /* icon Filterapp */,
				EF62013124741F9E00CC363B /* LaunchScreen.storyboard */,
				EF62013424741F9E00CC363B /* Info.plist */,
				EF620156247422CE00CC363B /* MakeViewController.swift */,
				EF620158247650B700CC363B /* EditViewController.swift */,
				EFDE746E247800F4009C72EB /* FilterViewController.swift */,
			);
			path = Filterapp;
			sourceTree = "<group>";
		};
		EF62013C24741F9F00CC363B /* FilterappTests */ = {
			isa = PBXGroup;
			children = (
				EF62013D24741F9F00CC363B /* FilterappTests.swift */,
				EF62013F24741F9F00CC363B /* Info.plist */,
			);
			path = FilterappTests;
			sourceTree = "<group>";
		};
		EF62014724741F9F00CC363B /* FilterappUITests */ = {
			isa = PBXGroup;
			children = (
				EF62014824741F9F00CC363B /* FilterappUITests.swift */,
				EF62014A24741F9F00CC363B /* Info.plist */,
			);
			path = FilterappUITests;
			sourceTree = "<group>";
		};
		EFDE74AC2478CA2C009C72EB /* icon Filterapp */ = {
			isa = PBXGroup;
			children = (
				EFDE74AD2478CA2C009C72EB /* ios */,
			);
			path = "icon Filterapp";
			sourceTree = "<group>";
		};
		EFDE74AD2478CA2C009C72EB /* ios */ = {
			isa = PBXGroup;
			children = (
				EFDE74AE2478CA2C009C72EB /* iTunesArtwork@1x.png */,
				EFDE74AF2478CA2C009C72EB /* AppIcon.appiconset */,
				EFDE74C02478CA2C009C72EB /* README.md */,
				EFDE74C12478CA2C009C72EB /* iTunesArtwork@2x.png */,
				EFDE74C22478CA2C009C72EB /* iTunesArtwork@3x.png */,
			);
			path = ios;
			sourceTree = "<group>";
		};
		EFDE74AF2478CA2C009C72EB /* AppIcon.appiconset */ = {
			isa = PBXGroup;
			children = (
				EFDE74B02478CA2C009C72EB /* Icon-App-76x76@2x.png */,
				EFDE74B12478CA2C009C72EB /* Icon-App-29x29@1x.png */,
				EFDE74B22478CA2C009C72EB /* Icon-App-40x40@1x.png */,
				EFDE74B32478CA2C009C72EB /* Icon-App-20x20@1x.png */,
				EFDE74B42478CA2C009C72EB /* Icon-App-83.5x83.5@2x.png */,
				EFDE74B52478CA2C009C72EB /* Icon-App-20x20@3x.png */,
				EFDE74B62478CA2C009C72EB /* ItunesArtwork@2x.png */,
				EFDE74B72478CA2C009C72EB /* Contents.json */,
				EFDE74B82478CA2C009C72EB /* Icon-App-20x20@2x.png */,
				EFDE74B92478CA2C009C72EB /* Icon-App-29x29@3x.png */,
				EFDE74BA2478CA2C009C72EB /* Icon-App-40x40@2x.png */,
				EFDE74BB2478CA2C009C72EB /* Icon-App-60x60@3x.png */,
				EFDE74BC2478CA2C009C72EB /* Icon-App-60x60@2x.png */,
				EFDE74BD2478CA2C009C72EB /* Icon-App-76x76@1x.png */,
				EFDE74BE2478CA2C009C72EB /* Icon-App-40x40@3x.png */,
				EFDE74BF2478CA2C009C72EB /* Icon-App-29x29@2x.png */,
			);
			path = AppIcon.appiconset;
			sourceTree = "<group>";
		};
/* End PBXGroup section */

/* Begin PBXNativeTarget section */
		EF62012224741F9900CC363B /* Filterapp */ = {
			isa = PBXNativeTarget;
			buildConfigurationList = EF62014D24741F9F00CC363B /* Build configuration list for PBXNativeTarget "Filterapp" */;
			buildPhases = (
				EF62011F24741F9900CC363B /* Sources */,
				EF62012024741F9900CC363B /* Frameworks */,
				EF62012124741F9900CC363B /* Resources */,
			);
			buildRules = (
			);
			dependencies = (
			);
			name = Filterapp;
			productName = Filterapp;
			productReference = EF62012324741F9900CC363B /* Filterapp.app */;
			productType = "com.apple.product-type.application";
		};
		EF62013824741F9F00CC363B /* FilterappTests */ = {
			isa = PBXNativeTarget;
			buildConfigurationList = EF62015024741F9F00CC363B /* Build configuration list for PBXNativeTarget "FilterappTests" */;
			buildPhases = (
				EF62013524741F9F00CC363B /* Sources */,
				EF62013624741F9F00CC363B /* Frameworks */,
				EF62013724741F9F00CC363B /* Resources */,
			);
			buildRules = (
			);
			dependencies = (
				EF62013B24741F9F00CC363B /* PBXTargetDependency */,
			);
			name = FilterappTests;
			productName = FilterappTests;
			productReference = EF62013924741F9F00CC363B /* FilterappTests.xctest */;
			productType = "com.apple.product-type.bundle.unit-test";
		};
		EF62014324741F9F00CC363B /* FilterappUITests */ = {
			isa = PBXNativeTarget;
			buildConfigurationList = EF62015324741F9F00CC363B /* Build configuration list for PBXNativeTarget "FilterappUITests" */;
			buildPhases = (
				EF62014024741F9F00CC363B /* Sources */,
				EF62014124741F9F00CC363B /* Frameworks */,
				EF62014224741F9F00CC363B /* Resources */,
			);
			buildRules = (
			);
			dependencies = (
				EF62014624741F9F00CC363B /* PBXTargetDependency */,
			);
			name = FilterappUITests;
			productName = FilterappUITests;
			productReference = EF62014424741F9F00CC363B /* FilterappUITests.xctest */;
			productType = "com.apple.product-type.bundle.ui-testing";
		};
/* End PBXNativeTarget section */

/* Begin PBXProject section */
		EF62011B24741F9900CC363B /* Project object */ = {
			isa = PBXProject;
			attributes = {
				LastSwiftUpdateCheck = 1140;
				LastUpgradeCheck = 1140;
				ORGANIZATIONNAME = "Fukui Ayanon";
				TargetAttributes = {
					EF62012224741F9900CC363B = {
						CreatedOnToolsVersion = 11.4.1;
					};
					EF62013824741F9F00CC363B = {
						CreatedOnToolsVersion = 11.4.1;
						TestTargetID = EF62012224741F9900CC363B;
					};
					EF62014324741F9F00CC363B = {
						CreatedOnToolsVersion = 11.4.1;
						TestTargetID = EF62012224741F9900CC363B;
					};
				};
			};
			buildConfigurationList = EF62011E24741F9900CC363B /* Build configuration list for PBXProject "Filterapp" */;
			compatibilityVersion = "Xcode 9.3";
			developmentRegion = en;
			hasScannedForEncodings = 0;
			knownRegions = (
				en,
				Base,
			);
			mainGroup = EF62011A24741F9900CC363B;
			productRefGroup = EF62012424741F9900CC363B /* Products */;
			projectDirPath = "";
			projectRoot = "";
			targets = (
				EF62012224741F9900CC363B /* Filterapp */,
				EF62013824741F9F00CC363B /* FilterappTests */,
				EF62014324741F9F00CC363B /* FilterappUITests */,
			);
		};
/* End PBXProject section */

/* Begin PBXResourcesBuildPhase section */
		EF62012124741F9900CC363B /* Resources */ = {
			isa = PBXResourcesBuildPhase;
			buildActionMask = 2147483647;
			files = (
				EFDE74FC2478CA2C009C72EB /* iTunesArtwork@3x.png in Resources */,
				EFDE74F92478CA2C009C72EB /* Icon-App-29x29@2x.png in Resources */,
				EFDE74F42478CA2C009C72EB /* Icon-App-40x40@2x.png in Resources */,
				EFDE74F02478CA2C009C72EB /* ItunesArtwork@2x.png in Resources */,
				EFDE74FA2478CA2C009C72EB /* README.md in Resources */,
				EF62013324741F9E00CC363B /* LaunchScreen.storyboard in Resources */,
				EFDE74EE2478CA2C009C72EB /* Icon-App-83.5x83.5@2x.png in Resources */,
				EFDE74ED2478CA2C009C72EB /* Icon-App-20x20@1x.png in Resources */,
				EFDE74F62478CA2C009C72EB /* Icon-App-60x60@2x.png in Resources */,
				EFDE74F22478CA2C009C72EB /* Icon-App-20x20@2x.png in Resources */,
				EFDE74EF2478CA2C009C72EB /* Icon-App-20x20@3x.png in Resources */,
				EF62013024741F9E00CC363B /* Assets.xcassets in Resources */,
				EFDE74EC2478CA2C009C72EB /* Icon-App-40x40@1x.png in Resources */,
				EFDE74EA2478CA2C009C72EB /* Icon-App-76x76@2x.png in Resources */,
				EFDE74FB2478CA2C009C72EB /* iTunesArtwork@2x.png in Resources */,
				EFDE74F72478CA2C009C72EB /* Icon-App-76x76@1x.png in Resources */,
				EFDE74F32478CA2C009C72EB /* Icon-App-29x29@3x.png in Resources */,
				EFDE74F52478CA2C009C72EB /* Icon-App-60x60@3x.png in Resources */,
				EFDE74E92478CA2C009C72EB /* iTunesArtwork@1x.png in Resources */,
				EF56745A247ABDBB0093011E /* 背景画像.png in Resources */,
				EFDE74F82478CA2C009C72EB /* Icon-App-40x40@3x.png in Resources */,
				EF62012E24741F9900CC363B /* Main.storyboard in Resources */,
				EFDE74EB2478CA2C009C72EB /* Icon-App-29x29@1x.png in Resources */,
				EFDE74F12478CA2C009C72EB /* Contents.json in Resources */,
			);
			runOnlyForDeploymentPostprocessing = 0;
		};
		EF62013724741F9F00CC363B /* Resources */ = {
			isa = PBXResourcesBuildPhase;
			buildActionMask = 2147483647;
			files = (
			);
			runOnlyForDeploymentPostprocessing = 0;
		};
		EF62014224741F9F00CC363B /* Resources */ = {
			isa = PBXResourcesBuildPhase;
			buildActionMask = 2147483647;
			files = (
			);
			runOnlyForDeploymentPostprocessing = 0;
		};
/* End PBXResourcesBuildPhase section */

/* Begin PBXSourcesBuildPhase section */
		EF62011F24741F9900CC363B /* Sources */ = {
			isa = PBXSourcesBuildPhase;
			buildActionMask = 2147483647;
			files = (
				EFDE746F247800F4009C72EB /* FilterViewController.swift in Sources */,
				EF620159247650B700CC363B /* EditViewController.swift in Sources */,
				EF620157247422CE00CC363B /* MakeViewController.swift in Sources */,
				EF62012B24741F9900CC363B /* ViewController.swift in Sources */,
				EF62012724741F9900CC363B /* AppDelegate.swift in Sources */,
				EF62012924741F9900CC363B /* SceneDelegate.swift in Sources */,
			);
			runOnlyForDeploymentPostprocessing = 0;
		};
		EF62013524741F9F00CC363B /* Sources */ = {
			isa = PBXSourcesBuildPhase;
			buildActionMask = 2147483647;
			files = (
				EF62013E24741F9F00CC363B /* FilterappTests.swift in Sources */,
			);
			runOnlyForDeploymentPostprocessing = 0;
		};
		EF62014024741F9F00CC363B /* Sources */ = {
			isa = PBXSourcesBuildPhase;
			buildActionMask = 2147483647;
			files = (
				EF62014924741F9F00CC363B /* FilterappUITests.swift in Sources */,
			);
			runOnlyForDeploymentPostprocessing = 0;
		};
/* End PBXSourcesBuildPhase section */

/* Begin PBXTargetDependency section */
		EF62013B24741F9F00CC363B /* PBXTargetDependency */ = {
			isa = PBXTargetDependency;
			target = EF62012224741F9900CC363B /* Filterapp */;
			targetProxy = EF62013A24741F9F00CC363B /* PBXContainerItemProxy */;
		};
		EF62014624741F9F00CC363B /* PBXTargetDependency */ = {
			isa = PBXTargetDependency;
			target = EF62012224741F9900CC363B /* Filterapp */;
			targetProxy = EF62014524741F9F00CC363B /* PBXContainerItemProxy */;
		};
/* End PBXTargetDependency section */

/* Begin PBXVariantGroup section */
		EF62012C24741F9900CC363B /* Main.storyboard */ = {
			isa = PBXVariantGroup;
			children = (
				EF62012D24741F9900CC363B /* Base */,
			);
			name = Main.storyboard;
			sourceTree = "<group>";
		};
		EF62013124741F9E00CC363B /* LaunchScreen.storyboard */ = {
			isa = PBXVariantGroup;
			children = (
				EF62013224741F9E00CC363B /* Base */,
			);
			name = LaunchScreen.storyboard;
			sourceTree = "<group>";
		};
/* End PBXVariantGroup section */

/* Begin XCBuildConfiguration section */
		EF62014B24741F9F00CC363B /* Debug */ = {
			isa = XCBuildConfiguration;
			buildSettings = {
				ALWAYS_SEARCH_USER_PATHS = NO;
				CLANG_ANALYZER_NONNULL = YES;
				CLANG_ANALYZER_NUMBER_OBJECT_CONVERSION = YES_AGGRESSIVE;
				CLANG_CXX_LANGUAGE_STANDARD = "gnu++14";
				CLANG_CXX_LIBRARY = "libc++";
				CLANG_ENABLE_MODULES = YES;
				CLANG_ENABLE_OBJC_ARC = YES;
				CLANG_ENABLE_OBJC_WEAK = YES;
				CLANG_WARN_BLOCK_CAPTURE_AUTORELEASING = YES;
				CLANG_WARN_BOOL_CONVERSION = YES;
				CLANG_WARN_COMMA = YES;
				CLANG_WARN_CONSTANT_CONVERSION = YES;
				CLANG_WARN_DEPRECATED_OBJC_IMPLEMENTATIONS = YES;
				CLANG_WARN_DIRECT_OBJC_ISA_USAGE = YES_ERROR;
				CLANG_WARN_DOCUMENTATION_COMMENTS = YES;
				CLANG_WARN_EMPTY_BODY = YES;
				CLANG_WARN_ENUM_CONVERSION = YES;
				CLANG_WARN_INFINITE_RECURSION = YES;
				CLANG_WARN_INT_CONVERSION = YES;
				CLANG_WARN_NON_LITERAL_NULL_CONVERSION = YES;
				CLANG_WARN_OBJC_IMPLICIT_RETAIN_SELF = YES;
				CLANG_WARN_OBJC_LITERAL_CONVERSION = YES;
				CLANG_WARN_OBJC_ROOT_CLASS = YES_ERROR;
				CLANG_WARN_RANGE_LOOP_ANALYSIS = YES;
				CLANG_WARN_STRICT_PROTOTYPES = YES;
				CLANG_WARN_SUSPICIOUS_MOVE = YES;
				CLANG_WARN_UNGUARDED_AVAILABILITY = YES_AGGRESSIVE;
				CLANG_WARN_UNREACHABLE_CODE = YES;
				CLANG_WARN__DUPLICATE_METHOD_MATCH = YES;
				COPY_PHASE_STRIP = NO;
				DEBUG_INFORMATION_FORMAT = dwarf;
				ENABLE_STRICT_OBJC_MSGSEND = YES;
				ENABLE_TESTABILITY = YES;
				GCC_C_LANGUAGE_STANDARD = gnu11;
				GCC_DYNAMIC_NO_PIC = NO;
				GCC_NO_COMMON_BLOCKS = YES;
				GCC_OPTIMIZATION_LEVEL = 0;
				GCC_PREPROCESSOR_DEFINITIONS = (
					"DEBUG=1",
					"$(inherited)",
				);
				GCC_WARN_64_TO_32_BIT_CONVERSION = YES;
				GCC_WARN_ABOUT_RETURN_TYPE = YES_ERROR;
				GCC_WARN_UNDECLARED_SELECTOR = YES;
				GCC_WARN_UNINITIALIZED_AUTOS = YES_AGGRESSIVE;
				GCC_WARN_UNUSED_FUNCTION = YES;
				GCC_WARN_UNUSED_VARIABLE = YES;
				IPHONEOS_DEPLOYMENT_TARGET = 13.4;
				MTL_ENABLE_DEBUG_INFO = INCLUDE_SOURCE;
				MTL_FAST_MATH = YES;
				ONLY_ACTIVE_ARCH = YES;
				SDKROOT = iphoneos;
				SWIFT_ACTIVE_COMPILATION_CONDITIONS = DEBUG;
				SWIFT_OPTIMIZATION_LEVEL = "-Onone";
			};
			name = Debug;
		};
		EF62014C24741F9F00CC363B /* Release */ = {
			isa = XCBuildConfiguration;
			buildSettings = {
				ALWAYS_SEARCH_USER_PATHS = NO;
				CLANG_ANALYZER_NONNULL = YES;
				CLANG_ANALYZER_NUMBER_OBJECT_CONVERSION = YES_AGGRESSIVE;
				CLANG_CXX_LANGUAGE_STANDARD = "gnu++14";
				CLANG_CXX_LIBRARY = "libc++";
				CLANG_ENABLE_MODULES = YES;
				CLANG_ENABLE_OBJC_ARC = YES;
				CLANG_ENABLE_OBJC_WEAK = YES;
				CLANG_WARN_BLOCK_CAPTURE_AUTORELEASING = YES;
				CLANG_WARN_BOOL_CONVERSION = YES;
				CLANG_WARN_COMMA = YES;
				CLANG_WARN_CONSTANT_CONVERSION = YES;
				CLANG_WARN_DEPRECATED_OBJC_IMPLEMENTATIONS = YES;
				CLANG_WARN_DIRECT_OBJC_ISA_USAGE = YES_ERROR;
				CLANG_WARN_DOCUMENTATION_COMMENTS = YES;
				CLANG_WARN_EMPTY_BODY = YES;
				CLANG_WARN_ENUM_CONVERSION = YES;
				CLANG_WARN_INFINITE_RECURSION = YES;
				CLANG_WARN_INT_CONVERSION = YES;
				CLANG_WARN_NON_LITERAL_NULL_CONVERSION = YES;
				CLANG_WARN_OBJC_IMPLICIT_RETAIN_SELF = YES;
				CLANG_WARN_OBJC_LITERAL_CONVERSION = YES;
				CLANG_WARN_OBJC_ROOT_CLASS = YES_ERROR;
				CLANG_WARN_RANGE_LOOP_ANALYSIS = YES;
				CLANG_WARN_STRICT_PROTOTYPES = YES;
				CLANG_WARN_SUSPICIOUS_MOVE = YES;
				CLANG_WARN_UNGUARDED_AVAILABILITY = YES_AGGRESSIVE;
				CLANG_WARN_UNREACHABLE_CODE = YES;
				CLANG_WARN__DUPLICATE_METHOD_MATCH = YES;
				COPY_PHASE_STRIP = NO;
				DEBUG_INFORMATION_FORMAT = "dwarf-with-dsym";
				ENABLE_NS_ASSERTIONS = NO;
				ENABLE_STRICT_OBJC_MSGSEND = YES;
				GCC_C_LANGUAGE_STANDARD = gnu11;
				GCC_NO_COMMON_BLOCKS = YES;
				GCC_WARN_64_TO_32_BIT_CONVERSION = YES;
				GCC_WARN_ABOUT_RETURN_TYPE = YES_ERROR;
				GCC_WARN_UNDECLARED_SELECTOR = YES;
				GCC_WARN_UNINITIALIZED_AUTOS = YES_AGGRESSIVE;
				GCC_WARN_UNUSED_FUNCTION = YES;
				GCC_WARN_UNUSED_VARIABLE = YES;
				IPHONEOS_DEPLOYMENT_TARGET = 13.4;
				MTL_ENABLE_DEBUG_INFO = NO;
				MTL_FAST_MATH = YES;
				SDKROOT = iphoneos;
				SWIFT_COMPILATION_MODE = wholemodule;
				SWIFT_OPTIMIZATION_LEVEL = "-O";
				VALIDATE_PRODUCT = YES;
			};
			name = Release;
		};
		EF62014E24741F9F00CC363B /* Debug */ = {
			isa = XCBuildConfiguration;
			buildSettings = {
				ASSETCATALOG_COMPILER_APPICON_NAME = AppIcon;
				CODE_SIGN_IDENTITY = "iPhone Distribution";
				CODE_SIGN_STYLE = Manual;
				CURRENT_PROJECT_VERSION = 2;
				DEVELOPMENT_TEAM = 2K446D59RQ;
				INFOPLIST_FILE = Filterapp/Info.plist;
				LD_RUNPATH_SEARCH_PATHS = (
					"$(inherited)",
					"@executable_path/Frameworks",
				);
				MARKETING_VERSION = 1.0;
				PRODUCT_BUNDLE_IDENTIFIER = jp.co.lifeistech.Filterapp;
				PRODUCT_NAME = "$(TARGET_NAME)";
				PROVISIONING_PROFILE_SPECIFIER = "L12AyanoFukui-Distribution";
				SWIFT_VERSION = 5.0;
				TARGETED_DEVICE_FAMILY = "1,2";
			};
			name = Debug;
		};
		EF62014F24741F9F00CC363B /* Release */ = {
			isa = XCBuildConfiguration;
			buildSettings = {
				ASSETCATALOG_COMPILER_APPICON_NAME = AppIcon;
				CODE_SIGN_IDENTITY = "iPhone Distribution";
				CODE_SIGN_STYLE = Manual;
				CURRENT_PROJECT_VERSION = 2;
				DEVELOPMENT_TEAM = 2K446D59RQ;
				INFOPLIST_FILE = Filterapp/Info.plist;
				LD_RUNPATH_SEARCH_PATHS = (
					"$(inherited)",
					"@executable_path/Frameworks",
				);
				MARKETING_VERSION = 1.0;
				PRODUCT_BUNDLE_IDENTIFIER = jp.co.lifeistech.Filterapp;
				PRODUCT_NAME = "$(TARGET_NAME)";
				PROVISIONING_PROFILE_SPECIFIER = "L12AyanoFukui-Distribution";
				SWIFT_VERSION = 5.0;
				TARGETED_DEVICE_FAMILY = "1,2";
			};
			name = Release;
		};
		EF62015124741F9F00CC363B /* Debug */ = {
			isa = XCBuildConfiguration;
			buildSettings = {
				ALWAYS_EMBED_SWIFT_STANDARD_LIBRARIES = YES;
				BUNDLE_LOADER = "$(TEST_HOST)";
				CODE_SIGN_STYLE = Automatic;
				DEVELOPMENT_TEAM = DAY2YVU369;
				INFOPLIST_FILE = FilterappTests/Info.plist;
				IPHONEOS_DEPLOYMENT_TARGET = 13.4;
				LD_RUNPATH_SEARCH_PATHS = (
					"$(inherited)",
					"@executable_path/Frameworks",
					"@loader_path/Frameworks",
				);
				PRODUCT_BUNDLE_IDENTIFIER = app.Ayanon.Fukui.FilterappTests;
				PRODUCT_NAME = "$(TARGET_NAME)";
				SWIFT_VERSION = 5.0;
				TARGETED_DEVICE_FAMILY = "1,2";
				TEST_HOST = "$(BUILT_PRODUCTS_DIR)/Filterapp.app/Filterapp";
			};
			name = Debug;
		};
		EF62015224741F9F00CC363B /* Release */ = {
			isa = XCBuildConfiguration;
			buildSettings = {
				ALWAYS_EMBED_SWIFT_STANDARD_LIBRARIES = YES;
				BUNDLE_LOADER = "$(TEST_HOST)";
				CODE_SIGN_STYLE = Automatic;
				DEVELOPMENT_TEAM = DAY2YVU369;
				INFOPLIST_FILE = FilterappTests/Info.plist;
				IPHONEOS_DEPLOYMENT_TARGET = 13.4;
				LD_RUNPATH_SEARCH_PATHS = (
					"$(inherited)",
					"@executable_path/Frameworks",
					"@loader_path/Frameworks",
				);
				PRODUCT_BUNDLE_IDENTIFIER = app.Ayanon.Fukui.FilterappTests;
				PRODUCT_NAME = "$(TARGET_NAME)";
				SWIFT_VERSION = 5.0;
				TARGETED_DEVICE_FAMILY = "1,2";
				TEST_HOST = "$(BUILT_PRODUCTS_DIR)/Filterapp.app/Filterapp";
			};
			name = Release;
		};
		EF62015424741F9F00CC363B /* Debug */ = {
			isa = XCBuildConfiguration;
			buildSettings = {
				ALWAYS_EMBED_SWIFT_STANDARD_LIBRARIES = YES;
				CODE_SIGN_STYLE = Automatic;
				DEVELOPMENT_TEAM = DAY2YVU369;
				INFOPLIST_FILE = FilterappUITests/Info.plist;
				LD_RUNPATH_SEARCH_PATHS = (
					"$(inherited)",
					"@executable_path/Frameworks",
					"@loader_path/Frameworks",
				);
				PRODUCT_BUNDLE_IDENTIFIER = app.Ayanon.Fukui.FilterappUITests;
				PRODUCT_NAME = "$(TARGET_NAME)";
				SWIFT_VERSION = 5.0;
				TARGETED_DEVICE_FAMILY = "1,2";
				TEST_TARGET_NAME = Filterapp;
			};
			name = Debug;
		};
		EF62015524741F9F00CC363B /* Release */ = {
			isa = XCBuildConfiguration;
			buildSettings = {
				ALWAYS_EMBED_SWIFT_STANDARD_LIBRARIES = YES;
				CODE_SIGN_STYLE = Automatic;
				DEVELOPMENT_TEAM = DAY2YVU369;
				INFOPLIST_FILE = FilterappUITests/Info.plist;
				LD_RUNPATH_SEARCH_PATHS = (
					"$(inherited)",
					"@executable_path/Frameworks",
					"@loader_path/Frameworks",
				);
				PRODUCT_BUNDLE_IDENTIFIER = app.Ayanon.Fukui.FilterappUITests;
				PRODUCT_NAME = "$(TARGET_NAME)";
				SWIFT_VERSION = 5.0;
				TARGETED_DEVICE_FAMILY = "1,2";
				TEST_TARGET_NAME = Filterapp;
			};
			name = Release;
		};
/* End XCBuildConfiguration section */

/* Begin XCConfigurationList section */
		EF62011E24741F9900CC363B /* Build configuration list for PBXProject "Filterapp" */ = {
			isa = XCConfigurationList;
			buildConfigurations = (
				EF62014B24741F9F00CC363B /* Debug */,
				EF62014C24741F9F00CC363B /* Release */,
			);
			defaultConfigurationIsVisible = 0;
			defaultConfigurationName = Release;
		};
		EF62014D24741F9F00CC363B /* Build configuration list for PBXNativeTarget "Filterapp" */ = {
			isa = XCConfigurationList;
			buildConfigurations = (
				EF62014E24741F9F00CC363B /* Debug */,
				EF62014F24741F9F00CC363B /* Release */,
			);
			defaultConfigurationIsVisible = 0;
			defaultConfigurationName = Release;
		};
		EF62015024741F9F00CC363B /* Build configuration list for PBXNativeTarget "FilterappTests" */ = {
			isa = XCConfigurationList;
			buildConfigurations = (
				EF62015124741F9F00CC363B /* Debug */,
				EF62015224741F9F00CC363B /* Release */,
			);
			defaultConfigurationIsVisible = 0;
			defaultConfigurationName = Release;
		};
		EF62015324741F9F00CC363B /* Build configuration list for PBXNativeTarget "FilterappUITests" */ = {
			isa = XCConfigurationList;
			buildConfigurations = (
				EF62015424741F9F00CC363B /* Debug */,
				EF62015524741F9F00CC363B /* Release */,
			);
			defaultConfigurationIsVisible = 0;
			defaultConfigurationName = Release;
		};
/* End XCConfigurationList section */
	};
	rootObject = EF62011B24741F9900CC363B /* Project object */;
}
