PODS:
  - CropViewController (2.6.0)
  - DKCamera (1.6.7)
  - DKImagePickerController (4.3.2):
    - DKImagePickerController/Camera (= 4.3.2)
    - DKImagePickerController/Core (= 4.3.2)
    - DKImagePickerController/ImageDataManager (= 4.3.2)
    - DKImagePickerController/InlineCamera (= 4.3.2)
    - DKImagePickerController/PhotoEditor (= 4.3.2)
    - DKImagePickerController/PhotoGallery (= 4.3.2)
    - DKImagePickerController/Resource (= 4.3.2)
  - DKImagePickerController/Camera (4.3.2):
    - DKCamera
    - DKImagePickerController/Core
  - DKImagePickerController/Core (4.3.2):
    - DKImagePickerController/ImageDataManager
    - DKImagePickerController/Resource
  - DKImagePickerController/ImageDataManager (4.3.2)
  - DKImagePickerController/InlineCamera (4.3.2):
    - DKCamera
    - DKImagePickerController/Core
  - DKImagePickerController/PhotoEditor (4.3.2):
    - CropViewController (~> 2.5)
    - DKImagePickerController/Core
  - DKImagePickerController/PhotoGallery (4.3.2):
    - DKImagePickerController/Core
    - DKPhotoGallery
  - DKImagePickerController/Resource (4.3.2)
  - DKPhotoGallery (0.0.17):
    - DKPhotoGallery/Core (= 0.0.17)
    - DKPhotoGallery/Model (= 0.0.17)
    - DKPhotoGallery/Preview (= 0.0.17)
    - DKPhotoGallery/Resource (= 0.0.17)
    - SDWebImage
    - SwiftyGif
  - DKPhotoGallery/Core (0.0.17):
    - DKPhotoGallery/Model
    - DKPhotoGallery/Preview
    - SDWebImage
    - SwiftyGif
  - DKPhotoGallery/Model (0.0.17):
    - SDWebImage
    - SwiftyGif
  - DKPhotoGallery/Preview (0.0.17):
    - DKPhotoGallery/Model
    - DKPhotoGallery/Resource
    - SDWebImage
    - SwiftyGif
  - DKPhotoGallery/Resource (0.0.17):
    - SDWebImage
    - SwiftyGif
  - SDWebImage (5.10.2):
    - SDWebImage/Core (= 5.10.2)
  - SDWebImage/Core (5.10.2)
  - SwiftGifOrigin (1.7.0)
  - SwiftyGif (5.3.0)

DEPENDENCIES:
  - DKImagePickerController
  - SwiftGifOrigin (~> 1.7.0)

SPEC REPOS:
  trunk:
    - CropViewController
    - DKCamera
    - DKImagePickerController
    - DKPhotoGallery
    - SDWebImage
    - SwiftGifOrigin
    - SwiftyGif

SPEC CHECKSUMS:
  CropViewController: 7093b39ec3cb508531b22d35773e06cecd7378d8
  DKCamera: a902b66921fca14b7a75266feb8c7568aa7caa71
  DKImagePickerController: b5eb7f7a388e4643264105d648d01f727110fc3d
  DKPhotoGallery: fdfad5125a9fdda9cc57df834d49df790dbb4179
  SDWebImage: b969dcfc02c40a5da71eac0b03b8f1a0c794a86f
  SwiftGifOrigin: fbd6cf37afcfcf97a5c3db996ddc0492e5c5c145
  SwiftyGif: e466e86c660d343357ab944a819a101c4127cb40

PODFILE CHECKSUM: b229747dc4e0890a7769620f394b136906bae96f

COCOAPODS: 1.10.0
